// !$*UTF8*$!
{
	archiveVersion = 1;
	classes = {
	};
	objectVersion = 56;
	objects = {

/* Begin PBXBuildFile section */
		71CBE3752950D2E700DB8F41 /* AppDelegate.swift in Sources */ = {isa = PBXBuildFile; fileRef = 71CBE3742950D2E700DB8F41 /* AppDelegate.swift */; };
		71CBE3772950D2E700DB8F41 /* SceneDelegate.swift in Sources */ = {isa = PBXBuildFile; fileRef = 71CBE3762950D2E700DB8F41 /* SceneDelegate.swift */; };
		71CBE3792950D2E700DB8F41 /* ViewController.swift in Sources */ = {isa = PBXBuildFile; fileRef = 71CBE3782950D2E700DB8F41 /* ViewController.swift */; };
		71CBE37C2950D2E700DB8F41 /* Main.storyboard in Resources */ = {isa = PBXBuildFile; fileRef = 71CBE37A2950D2E700DB8F41 /* Main.storyboard */; };
		71CBE37E2950D2EA00DB8F41 /* Assets.xcassets in Resources */ = {isa = PBXBuildFile; fileRef = 71CBE37D2950D2EA00DB8F41 /* Assets.xcassets */; };
		71CBE3812950D2EA00DB8F41 /* LaunchScreen.storyboard in Resources */ = {isa = PBXBuildFile; fileRef = 71CBE37F2950D2EA00DB8F41 /* LaunchScreen.storyboard */; };
		8519C04FFCE67835AB7EB695 /* Pods_spelang.framework in Frameworks */ = {isa = PBXBuildFile; fileRef = 5237145637476E416F07BEB0 /* Pods_spelang.framework */; };
/* End PBXBuildFile section */

/* Begin PBXFileReference section */
		5237145637476E416F07BEB0 /* Pods_spelang.framework */ = {isa = PBXFileReference; explicitFileType = wrapper.framework; includeInIndex = 0; path = Pods_spelang.framework; sourceTree = BUILT_PRODUCTS_DIR; };
		71CBE3712950D2E700DB8F41 /* spelang.app */ = {isa = PBXFileReference; explicitFileType = wrapper.application; includeInIndex = 0; path = spelang.app; sourceTree = BUILT_PRODUCTS_DIR; };
		71CBE3742950D2E700DB8F41 /* AppDelegate.swift */ = {isa = PBXFileReference; lastKnownFileType = sourcecode.swift; path = AppDelegate.swift; sourceTree = "<group>"; };
		71CBE3762950D2E700DB8F41 /* SceneDelegate.swift */ = {isa = PBXFileReference; lastKnownFileType = sourcecode.swift; path = SceneDelegate.swift; sourceTree = "<group>"; };
		71CBE3782950D2E700DB8F41 /* ViewController.swift */ = {isa = PBXFileReference; lastKnownFileType = sourcecode.swift; path = ViewController.swift; sourceTree = "<group>"; };
		71CBE37B2950D2E700DB8F41 /* Base */ = {isa = PBXFileReference; lastKnownFileType = file.storyboard; name = Base; path = Base.lproj/Main.storyboard; sourceTree = "<group>"; };
		71CBE37D2950D2EA00DB8F41 /* Assets.xcassets */ = {isa = PBXFileReference; lastKnownFileType = folder.assetcatalog; path = Assets.xcassets; sourceTree = "<group>"; };
		71CBE3802950D2EA00DB8F41 /* Base */ = {isa = PBXFileReference; lastKnownFileType = file.storyboard; name = Base; path = Base.lproj/LaunchScreen.storyboard; sourceTree = "<group>"; };
		71CBE3822950D2EA00DB8F41 /* Info.plist */ = {isa = PBXFileReference; lastKnownFileType = text.plist.xml; path = Info.plist; sourceTree = "<group>"; };
		9BB7B9B2324BA925F5A15C75 /* Pods-spelang.debug.xcconfig */ = {isa = PBXFileReference; includeInIndex = 1; lastKnownFileType = text.xcconfig; name = "Pods-spelang.debug.xcconfig"; path = "Target Support Files/Pods-spelang/Pods-spelang.debug.xcconfig"; sourceTree = "<group>"; };
		F17FFE6AB8DC3B89D609DD74 /* Pods-spelang.release.xcconfig */ = {isa = PBXFileReference; includeInIndex = 1; lastKnownFileType = text.xcconfig; name = "Pods-spelang.release.xcconfig"; path = "Target Support Files/Pods-spelang/Pods-spelang.release.xcconfig"; sourceTree = "<group>"; };
/* End PBXFileReference section */

/* Begin PBXFrameworksBuildPhase section */
		71CBE36E2950D2E700DB8F41 /* Frameworks */ = {
			isa = PBXFrameworksBuildPhase;
			buildActionMask = 2147483647;
			files = (
				8519C04FFCE67835AB7EB695 /* Pods_spelang.framework in Frameworks */,
			);
			runOnlyForDeploymentPostprocessing = 0;
		};
/* End PBXFrameworksBuildPhase section */

/* Begin PBXGroup section */
		4967B0B99924CD2864E84AA8 /* Pods */ = {
			isa = PBXGroup;
			children = (
				9BB7B9B2324BA925F5A15C75 /* Pods-spelang.debug.xcconfig */,
				F17FFE6AB8DC3B89D609DD74 /* Pods-spelang.release.xcconfig */,
			);
			name = Pods;
			path = Pods;
			sourceTree = "<group>";
		};
		71CBE3682950D2E700DB8F41 = {
			isa = PBXGroup;
			children = (
				71CBE3732950D2E700DB8F41 /* spelang */,
				71CBE3722950D2E700DB8F41 /* Products */,
				4967B0B99924CD2864E84AA8 /* Pods */,
				9EB11EE832B656CA63A01203 /* Frameworks */,
			);
			sourceTree = "<group>";
		};
		71CBE3722950D2E700DB8F41 /* Products */ = {
			isa = PBXGroup;
			children = (
				71CBE3712950D2E700DB8F41 /* spelang.app */,
			);
			name = Products;
			sourceTree = "<group>";
		};
		71CBE3732950D2E700DB8F41 /* spelang */ = {
			isa = PBXGroup;
			children = (
				71CBE3742950D2E700DB8F41 /* AppDelegate.swift */,
				71CBE3762950D2E700DB8F41 /* SceneDelegate.swift */,
				71CBE3782950D2E700DB8F41 /* ViewController.swift */,
				71CBE37A2950D2E700DB8F41 /* Main.storyboard */,
				71CBE37D2950D2EA00DB8F41 /* Assets.xcassets */,
				71CBE37F2950D2EA00DB8F41 /* LaunchScreen.storyboard */,
				71CBE3822950D2EA00DB8F41 /* Info.plist */,
			);
			path = spelang;
			sourceTree = "<group>";
		};
		9EB11EE832B656CA63A01203 /* Frameworks */ = {
			isa = PBXGroup;
			children = (
				5237145637476E416F07BEB0 /* Pods_spelang.framework */,
			);
			name = Frameworks;
			sourceTree = "<group>";
		};
/* End PBXGroup section */

/* Begin PBXNativeTarget section */
		71CBE3702950D2E700DB8F41 /* spelang */ = {
			isa = PBXNativeTarget;
			buildConfigurationList = 71CBE3852950D2EA00DB8F41 /* Build configuration list for PBXNativeTarget "spelang" */;
			buildPhases = (
				AEFE7AEDCE1A40BFBAB944E0 /* [CP] Check Pods Manifest.lock */,
				71CBE36D2950D2E700DB8F41 /* Sources */,
				71CBE36E2950D2E700DB8F41 /* Frameworks */,
				71CBE36F2950D2E700DB8F41 /* Resources */,
				FFA126510D335CD613937AAC /* [CP] Embed Pods Frameworks */,
			);
			buildRules = (
			);
			dependencies = (
			);
			name = spelang;
			productName = spelang;
			productReference = 71CBE3712950D2E700DB8F41 /* spelang.app */;
			productType = "com.apple.product-type.application";
		};
/* End PBXNativeTarget section */

/* Begin PBXProject section */
		71CBE3692950D2E700DB8F41 /* Project object */ = {
			isa = PBXProject;
			attributes = {
				BuildIndependentTargetsInParallel = 1;
				LastSwiftUpdateCheck = 1420;
				LastUpgradeCheck = 1420;
				TargetAttributes = {
					71CBE3702950D2E700DB8F41 = {
						CreatedOnToolsVersion = 14.2;
					};
				};
			};
			buildConfigurationList = 71CBE36C2950D2E700DB8F41 /* Build configuration list for PBXProject "spelang" */;
			compatibilityVersion = "Xcode 14.0";
			developmentRegion = en;
			hasScannedForEncodings = 0;
			knownRegions = (
				en,
				Base,
			);
			mainGroup = 71CBE3682950D2E700DB8F41;
			productRefGroup = 71CBE3722950D2E700DB8F41 /* Products */;
			projectDirPath = "";
			projectRoot = "";
			targets = (
				71CBE3702950D2E700DB8F41 /* spelang */,
			);
		};
/* End PBXProject section */

/* Begin PBXResourcesBuildPhase section */
		71CBE36F2950D2E700DB8F41 /* Resources */ = {
			isa = PBXResourcesBuildPhase;
			buildActionMask = 2147483647;
			files = (
				71CBE3812950D2EA00DB8F41 /* LaunchScreen.storyboard in Resources */,
				71CBE37E2950D2EA00DB8F41 /* Assets.xcassets in Resources */,
				71CBE37C2950D2E700DB8F41 /* Main.storyboard in Resources */,
			);
			runOnlyForDeploymentPostprocessing = 0;
		};
/* End PBXResourcesBuildPhase section */

/* Begin PBXShellScriptBuildPhase section */
		AEFE7AEDCE1A40BFBAB944E0 /* [CP] Check Pods Manifest.lock */ = {
			isa = PBXShellScriptBuildPhase;
			buildActionMask = 2147483647;
			files = (
			);
			inputFileListPaths = (
			);
			inputPaths = (
				"${PODS_PODFILE_DIR_PATH}/Podfile.lock",
				"${PODS_ROOT}/Manifest.lock",
			);
			name = "[CP] Check Pods Manifest.lock";
			outputFileListPaths = (
			);
			outputPaths = (
				"$(DERIVED_FILE_DIR)/Pods-spelang-checkManifestLockResult.txt",
			);
			runOnlyForDeploymentPostprocessing = 0;
			shellPath = /bin/sh;
			shellScript = "diff \"${PODS_PODFILE_DIR_PATH}/Podfile.lock\" \"${PODS_ROOT}/Manifest.lock\" > /dev/null\nif [ $? != 0 ] ; then\n    # print error to STDERR\n    echo \"error: The sandbox is not in sync with the Podfile.lock. Run 'pod install' or update your CocoaPods installation.\" >&2\n    exit 1\nfi\n# This output is used by Xcode 'outputs' to avoid re-running this script phase.\necho \"SUCCESS\" > \"${SCRIPT_OUTPUT_FILE_0}\"\n";
			showEnvVarsInLog = 0;
		};
		FFA126510D335CD613937AAC /* [CP] Embed Pods Frameworks */ = {
			isa = PBXShellScriptBuildPhase;
			buildActionMask = 2147483647;
			files = (
			);
			inputFileListPaths = (
				"${PODS_ROOT}/Target Support Files/Pods-spelang/Pods-spelang-frameworks-${CONFIGURATION}-input-files.xcfilelist",
			);
			name = "[CP] Embed Pods Frameworks";
			outputFileListPaths = (
				"${PODS_ROOT}/Target Support Files/Pods-spelang/Pods-spelang-frameworks-${CONFIGURATION}-output-files.xcfilelist",
			);
			runOnlyForDeploymentPostprocessing = 0;
			shellPath = /bin/sh;
			shellScript = "\"${PODS_ROOT}/Target Support Files/Pods-spelang/Pods-spelang-frameworks.sh\"\n";
			showEnvVarsInLog = 0;
		};
/* End PBXShellScriptBuildPhase section */

/* Begin PBXSourcesBuildPhase section */
		71CBE36D2950D2E700DB8F41 /* Sources */ = {
			isa = PBXSourcesBuildPhase;
			buildActionMask = 2147483647;
			files = (
				71CBE3792950D2E700DB8F41 /* ViewController.swift in Sources */,
				71CBE3752950D2E700DB8F41 /* AppDelegate.swift in Sources */,
				71CBE3772950D2E700DB8F41 /* SceneDelegate.swift in Sources */,
			);
			runOnlyForDeploymentPostprocessing = 0;
		};
/* End PBXSourcesBuildPhase section */

/* Begin PBXVariantGroup section */
		71CBE37A2950D2E700DB8F41 /* Main.storyboard */ = {
			isa = PBXVariantGroup;
			children = (
				71CBE37B2950D2E700DB8F41 /* Base */,
			);
			name = Main.storyboard;
			sourceTree = "<group>";
		};
		71CBE37F2950D2EA00DB8F41 /* LaunchScreen.storyboard */ = {
			isa = PBXVariantGroup;
			children = (
				71CBE3802950D2EA00DB8F41 /* Base */,
			);
			name = LaunchScreen.storyboard;
			sourceTree = "<group>";
		};
/* End PBXVariantGroup section */

/* Begin XCBuildConfiguration section */
		71CBE3832950D2EA00DB8F41 /* Debug */ = {
			isa = XCBuildConfiguration;
			buildSettings = {
				ALWAYS_SEARCH_USER_PATHS = NO;
				CLANG_ANALYZER_NONNULL = YES;
				CLANG_ANALYZER_NUMBER_OBJECT_CONVERSION = YES_AGGRESSIVE;
				CLANG_CXX_LANGUAGE_STANDARD = "gnu++20";
				CLANG_ENABLE_MODULES = YES;
				CLANG_ENABLE_OBJC_ARC = YES;
				CLANG_ENABLE_OBJC_WEAK = YES;
				CLANG_WARN_BLOCK_CAPTURE_AUTORELEASING = YES;
				CLANG_WARN_BOOL_CONVERSION = YES;
				CLANG_WARN_COMMA = YES;
				CLANG_WARN_CONSTANT_CONVERSION = YES;
				CLANG_WARN_DEPRECATED_OBJC_IMPLEMENTATIONS = YES;
				CLANG_WARN_DIRECT_OBJC_ISA_USAGE = YES_ERROR;
				CLANG_WARN_DOCUMENTATION_COMMENTS = YES;
				CLANG_WARN_EMPTY_BODY = YES;
				CLANG_WARN_ENUM_CONVERSION = YES;
				CLANG_WARN_INFINITE_RECURSION = YES;
				CLANG_WARN_INT_CONVERSION = YES;
				CLANG_WARN_NON_LITERAL_NULL_CONVERSION = YES;
				CLANG_WARN_OBJC_IMPLICIT_RETAIN_SELF = YES;
				CLANG_WARN_OBJC_LITERAL_CONVERSION = YES;
				CLANG_WARN_OBJC_ROOT_CLASS = YES_ERROR;
				CLANG_WARN_QUOTED_INCLUDE_IN_FRAMEWORK_HEADER = YES;
				CLANG_WARN_RANGE_LOOP_ANALYSIS = YES;
				CLANG_WARN_STRICT_PROTOTYPES = YES;
				CLANG_WARN_SUSPICIOUS_MOVE = YES;
				CLANG_WARN_UNGUARDED_AVAILABILITY = YES_AGGRESSIVE;
				CLANG_WARN_UNREACHABLE_CODE = YES;
				CLANG_WARN__DUPLICATE_METHOD_MATCH = YES;
				COPY_PHASE_STRIP = NO;
				DEBUG_INFORMATION_FORMAT = dwarf;
				ENABLE_STRICT_OBJC_MSGSEND = YES;
				ENABLE_TESTABILITY = YES;
				GCC_C_LANGUAGE_STANDARD = gnu11;
				GCC_DYNAMIC_NO_PIC = NO;
				GCC_NO_COMMON_BLOCKS = YES;
				GCC_OPTIMIZATION_LEVEL = 0;
				GCC_PREPROCESSOR_DEFINITIONS = (
					"DEBUG=1",
					"$(inherited)",
				);
				GCC_WARN_64_TO_32_BIT_CONVERSION = YES;
				GCC_WARN_ABOUT_RETURN_TYPE = YES_ERROR;
				GCC_WARN_UNDECLARED_SELECTOR = YES;
				GCC_WARN_UNINITIALIZED_AUTOS = YES_AGGRESSIVE;
				GCC_WARN_UNUSED_FUNCTION = YES;
				GCC_WARN_UNUSED_VARIABLE = YES;
				IPHONEOS_DEPLOYMENT_TARGET = 16.2;
				MTL_ENABLE_DEBUG_INFO = INCLUDE_SOURCE;
				MTL_FAST_MATH = YES;
				ONLY_ACTIVE_ARCH = YES;
				SDKROOT = iphoneos;
				SWIFT_ACTIVE_COMPILATION_CONDITIONS = DEBUG;
				SWIFT_OPTIMIZATION_LEVEL = "-Onone";
			};
			name = Debug;
		};
		71CBE3842950D2EA00DB8F41 /* Release */ = {
			isa = XCBuildConfiguration;
			buildSettings = {
				ALWAYS_SEARCH_USER_PATHS = NO;
				CLANG_ANALYZER_NONNULL = YES;
				CLANG_ANALYZER_NUMBER_OBJECT_CONVERSION = YES_AGGRESSIVE;
				CLANG_CXX_LANGUAGE_STANDARD = "gnu++20";
				CLANG_ENABLE_MODULES = YES;
				CLANG_ENABLE_OBJC_ARC = YES;
				CLANG_ENABLE_OBJC_WEAK = YES;
				CLANG_WARN_BLOCK_CAPTURE_AUTORELEASING = YES;
				CLANG_WARN_BOOL_CONVERSION = YES;
				CLANG_WARN_COMMA = YES;
				CLANG_WARN_CONSTANT_CONVERSION = YES;
				CLANG_WARN_DEPRECATED_OBJC_IMPLEMENTATIONS = YES;
				CLANG_WARN_DIRECT_OBJC_ISA_USAGE = YES_ERROR;
				CLANG_WARN_DOCUMENTATION_COMMENTS = YES;
				CLANG_WARN_EMPTY_BODY = YES;
				CLANG_WARN_ENUM_CONVERSION = YES;
				CLANG_WARN_INFINITE_RECURSION = YES;
				CLANG_WARN_INT_CONVERSION = YES;
				CLANG_WARN_NON_LITERAL_NULL_CONVERSION = YES;
				CLANG_WARN_OBJC_IMPLICIT_RETAIN_SELF = YES;
				CLANG_WARN_OBJC_LITERAL_CONVERSION = YES;
				CLANG_WARN_OBJC_ROOT_CLASS = YES_ERROR;
				CLANG_WARN_QUOTED_INCLUDE_IN_FRAMEWORK_HEADER = YES;
				CLANG_WARN_RANGE_LOOP_ANALYSIS = YES;
				CLANG_WARN_STRICT_PROTOTYPES = YES;
				CLANG_WARN_SUSPICIOUS_MOVE = YES;
				CLANG_WARN_UNGUARDED_AVAILABILITY = YES_AGGRESSIVE;
				CLANG_WARN_UNREACHABLE_CODE = YES;
				CLANG_WARN__DUPLICATE_METHOD_MATCH = YES;
				COPY_PHASE_STRIP = NO;
				DEBUG_INFORMATION_FORMAT = "dwarf-with-dsym";
				ENABLE_NS_ASSERTIONS = NO;
				ENABLE_STRICT_OBJC_MSGSEND = YES;
				GCC_C_LANGUAGE_STANDARD = gnu11;
				GCC_NO_COMMON_BLOCKS = YES;
				GCC_WARN_64_TO_32_BIT_CONVERSION = YES;
				GCC_WARN_ABOUT_RETURN_TYPE = YES_ERROR;
				GCC_WARN_UNDECLARED_SELECTOR = YES;
				GCC_WARN_UNINITIALIZED_AUTOS = YES_AGGRESSIVE;
				GCC_WARN_UNUSED_FUNCTION = YES;
				GCC_WARN_UNUSED_VARIABLE = YES;
				IPHONEOS_DEPLOYMENT_TARGET = 16.2;
				MTL_ENABLE_DEBUG_INFO = NO;
				MTL_FAST_MATH = YES;
				SDKROOT = iphoneos;
				SWIFT_COMPILATION_MODE = wholemodule;
				SWIFT_OPTIMIZATION_LEVEL = "-O";
				VALIDATE_PRODUCT = YES;
			};
			name = Release;
		};
		71CBE3862950D2EA00DB8F41 /* Debug */ = {
			isa = XCBuildConfiguration;
			baseConfigurationReference = 9BB7B9B2324BA925F5A15C75 /* Pods-spelang.debug.xcconfig */;
			buildSettings = {
				ASSETCATALOG_COMPILER_APPICON_NAME = AppIcon;
				ASSETCATALOG_COMPILER_GLOBAL_ACCENT_COLOR_NAME = AccentColor;
				CODE_SIGN_STYLE = Automatic;
				CURRENT_PROJECT_VERSION = 1;
				DEVELOPMENT_TEAM = D2X79FY398;
				GENERATE_INFOPLIST_FILE = YES;
				INFOPLIST_FILE = spelang/Info.plist;
				INFOPLIST_KEY_UIApplicationSupportsIndirectInputEvents = YES;
				INFOPLIST_KEY_UILaunchStoryboardName = LaunchScreen;
				INFOPLIST_KEY_UIMainStoryboardFile = Main;
				INFOPLIST_KEY_UISupportedInterfaceOrientations_iPad = "UIInterfaceOrientationPortrait UIInterfaceOrientationPortraitUpsideDown UIInterfaceOrientationLandscapeLeft UIInterfaceOrientationLandscapeRight";
				INFOPLIST_KEY_UISupportedInterfaceOrientations_iPhone = "UIInterfaceOrientationPortrait UIInterfaceOrientationLandscapeLeft UIInterfaceOrientationLandscapeRight";
				LD_RUNPATH_SEARCH_PATHS = (
					"$(inherited)",
					"@executable_path/Frameworks",
				);
				MARKETING_VERSION = 1.0;
				PRODUCT_BUNDLE_IDENTIFIER = com.ljutiDeveloperi.spelang;
				PRODUCT_NAME = "$(TARGET_NAME)";
				SUPPORTED_PLATFORMS = "iphoneos iphonesimulator";
				SUPPORTS_MACCATALYST = NO;
				SUPPORTS_MAC_DESIGNED_FOR_IPHONE_IPAD = YES;
				SWIFT_EMIT_LOC_STRINGS = YES;
				SWIFT_VERSION = 5.0;
				TARGETED_DEVICE_FAMILY = 2;
			};
			name = Debug;
		};
		71CBE3872950D2EA00DB8F41 /* Release */ = {
			isa = XCBuildConfiguration;
			baseConfigurationReference = F17FFE6AB8DC3B89D609DD74 /* Pods-spelang.release.xcconfig */;
			buildSettings = {
				ASSETCATALOG_COMPILER_APPICON_NAME = AppIcon;
				ASSETCATALOG_COMPILER_GLOBAL_ACCENT_COLOR_NAME = AccentColor;
				CODE_SIGN_STYLE = Automatic;
				CURRENT_PROJECT_VERSION = 1;
				DEVELOPMENT_TEAM = D2X79FY398;
				GENERATE_INFOPLIST_FILE = YES;
				INFOPLIST_FILE = spelang/Info.plist;
				INFOPLIST_KEY_UIApplicationSupportsIndirectInputEvents = YES;
				INFOPLIST_KEY_UILaunchStoryboardName = LaunchScreen;
				INFOPLIST_KEY_UIMainStoryboardFile = Main;
				INFOPLIST_KEY_UISupportedInterfaceOrientations_iPad = "UIInterfaceOrientationPortrait UIInterfaceOrientationPortraitUpsideDown UIInterfaceOrientationLandscapeLeft UIInterfaceOrientationLandscapeRight";
				INFOPLIST_KEY_UISupportedInterfaceOrientations_iPhone = "UIInterfaceOrientationPortrait UIInterfaceOrientationLandscapeLeft UIInterfaceOrientationLandscapeRight";
				LD_RUNPATH_SEARCH_PATHS = (
					"$(inherited)",
					"@executable_path/Frameworks",
				);
				MARKETING_VERSION = 1.0;
				PRODUCT_BUNDLE_IDENTIFIER = com.ljutiDeveloperi.spelang;
				PRODUCT_NAME = "$(TARGET_NAME)";
				SUPPORTED_PLATFORMS = "iphoneos iphonesimulator";
				SUPPORTS_MACCATALYST = NO;
				SUPPORTS_MAC_DESIGNED_FOR_IPHONE_IPAD = YES;
				SWIFT_EMIT_LOC_STRINGS = YES;
				SWIFT_VERSION = 5.0;
				TARGETED_DEVICE_FAMILY = 2;
			};
			name = Release;
		};
/* End XCBuildConfiguration section */

/* Begin XCConfigurationList section */
		71CBE36C2950D2E700DB8F41 /* Build configuration list for PBXProject "spelang" */ = {
			isa = XCConfigurationList;
			buildConfigurations = (
				71CBE3832950D2EA00DB8F41 /* Debug */,
				71CBE3842950D2EA00DB8F41 /* Release */,
			);
			defaultConfigurationIsVisible = 0;
			defaultConfigurationName = Release;
		};
		71CBE3852950D2EA00DB8F41 /* Build configuration list for PBXNativeTarget "spelang" */ = {
			isa = XCConfigurationList;
			buildConfigurations = (
				71CBE3862950D2EA00DB8F41 /* Debug */,
				71CBE3872950D2EA00DB8F41 /* Release */,
			);
			defaultConfigurationIsVisible = 0;
			defaultConfigurationName = Release;
		};
/* End XCConfigurationList section */
	};
	rootObject = 71CBE3692950D2E700DB8F41 /* Project object */;
}
